
Microsoft Visual Studio Solution File, Format Version 12.00
# Visual Studio Version 17
VisualStudioVersion = 17.4.33103.184
MinimumVisualStudioVersion = 10.0.40219.1
Project("{FAE04EC0-301F-11D3-BF4B-00C04F79EFBC}") = "StorageClass", "StorageClass\StorageClass.csproj", "{536126FB-BBFB-4CA5-B1A7-CB65398AA44F}"
EndProject
Global
	GlobalSection(SolutionConfigurationPlatforms) = preSolution
		Debug|Any CPU = Debug|Any CPU
		Release|Any CPU = Release|Any CPU
	EndGlobalSection
	GlobalSection(ProjectConfigurationPlatforms) = postSolution
		{536126FB-BBFB-4CA5-B1A7-CB65398AA44F}.Debug|Any CPU.ActiveCfg = Debug|Any CPU
		{536126FB-BBFB-4CA5-B1A7-CB65398AA44F}.Debug|Any CPU.Build.0 = Debug|Any CPU
		{536126FB-BBFB-4CA5-B1A7-CB65398AA44F}.Release|Any CPU.ActiveCfg = Release|Any CPU
		{536126FB-BBFB-4CA5-B1A7-CB65398AA44F}.Release|Any CPU.Build.0 = Release|Any CPU
	EndGlobalSection
	GlobalSection(SolutionProperties) = preSolution
		HideSolutionNode = FALSE
	EndGlobalSection
	GlobalSection(ExtensibilityGlobals) = postSolution
		SolutionGuid = {D465147E-36E1-41AF-9523-0C229A92C8FA}
	EndGlobalSection
EndGlobal
